// !$*UTF8*$!
{
	archiveVersion = 1;
	classes = {
	};
	objectVersion = 50;
	objects = {

/* Begin PBXBuildFile section */
		A24746AC2717092700AF884A /* AppDelegate.swift in Sources */ = {isa = PBXBuildFile; fileRef = A24746AB2717092700AF884A /* AppDelegate.swift */; };
		A24746AE2717092700AF884A /* SceneDelegate.swift in Sources */ = {isa = PBXBuildFile; fileRef = A24746AD2717092700AF884A /* SceneDelegate.swift */; };
		A24746B02717092700AF884A /* ViewController.swift in Sources */ = {isa = PBXBuildFile; fileRef = A24746AF2717092700AF884A /* ViewController.swift */; };
		A24746B32717092700AF884A /* Main.storyboard in Resources */ = {isa = PBXBuildFile; fileRef = A24746B12717092700AF884A /* Main.storyboard */; };
		A24746B52717092800AF884A /* Assets.xcassets in Resources */ = {isa = PBXBuildFile; fileRef = A24746B42717092800AF884A /* Assets.xcassets */; };
		A24746B82717092800AF884A /* LaunchScreen.storyboard in Resources */ = {isa = PBXBuildFile; fileRef = A24746B62717092800AF884A /* LaunchScreen.storyboard */; };
		A26A9AEC2718A4830041E492 /* AddressesViewController.swift in Sources */ = {isa = PBXBuildFile; fileRef = A26A9AEB2718A4830041E492 /* AddressesViewController.swift */; };
		A26A9AEE2718AC020041E492 /* Base.swift in Sources */ = {isa = PBXBuildFile; fileRef = A26A9AED2718AC020041E492 /* Base.swift */; };
/* End PBXBuildFile section */

/* Begin PBXFileReference section */
		A24746A82717092700AF884A /* UserDefaultsExample.app */ = {isa = PBXFileReference; explicitFileType = wrapper.application; includeInIndex = 0; path = UserDefaultsExample.app; sourceTree = BUILT_PRODUCTS_DIR; };
		A24746AB2717092700AF884A /* AppDelegate.swift */ = {isa = PBXFileReference; lastKnownFileType = sourcecode.swift; path = AppDelegate.swift; sourceTree = "<group>"; };
		A24746AD2717092700AF884A /* SceneDelegate.swift */ = {isa = PBXFileReference; lastKnownFileType = sourcecode.swift; path = SceneDelegate.swift; sourceTree = "<group>"; };
		A24746AF2717092700AF884A /* ViewController.swift */ = {isa = PBXFileReference; lastKnownFileType = sourcecode.swift; path = ViewController.swift; sourceTree = "<group>"; };
		A24746B22717092700AF884A /* Base */ = {isa = PBXFileReference; lastKnownFileType = file.storyboard; name = Base; path = Base.lproj/Main.storyboard; sourceTree = "<group>"; };
		A24746B42717092800AF884A /* Assets.xcassets */ = {isa = PBXFileReference; lastKnownFileType = folder.assetcatalog; path = Assets.xcassets; sourceTree = "<group>"; };
		A24746B72717092800AF884A /* Base */ = {isa = PBXFileReference; lastKnownFileType = file.storyboard; name = Base; path = Base.lproj/LaunchScreen.storyboard; sourceTree = "<group>"; };
		A24746B92717092800AF884A /* Info.plist */ = {isa = PBXFileReference; lastKnownFileType = text.plist.xml; path = Info.plist; sourceTree = "<group>"; };
		A26A9AEB2718A4830041E492 /* AddressesViewController.swift */ = {isa = PBXFileReference; lastKnownFileType = sourcecode.swift; path = AddressesViewController.swift; sourceTree = "<group>"; };
		A26A9AED2718AC020041E492 /* Base.swift */ = {isa = PBXFileReference; lastKnownFileType = sourcecode.swift; path = Base.swift; sourceTree = "<group>"; };
/* End PBXFileReference section */

/* Begin PBXFrameworksBuildPhase section */
		A24746A52717092700AF884A /* Frameworks */ = {
			isa = PBXFrameworksBuildPhase;
			buildActionMask = 2147483647;
			files = (
			);
			runOnlyForDeploymentPostprocessing = 0;
		};
/* End PBXFrameworksBuildPhase section */

/* Begin PBXGroup section */
		A247469F2717092700AF884A = {
			isa = PBXGroup;
			children = (
				A24746AA2717092700AF884A /* UserDefaultsExample */,
				A24746A92717092700AF884A /* Products */,
			);
			sourceTree = "<group>";
		};
		A24746A92717092700AF884A /* Products */ = {
			isa = PBXGroup;
			children = (
				A24746A82717092700AF884A /* UserDefaultsExample.app */,
			);
			name = Products;
			sourceTree = "<group>";
		};
		A24746AA2717092700AF884A /* UserDefaultsExample */ = {
			isa = PBXGroup;
			children = (
				A24746AB2717092700AF884A /* AppDelegate.swift */,
				A24746AD2717092700AF884A /* SceneDelegate.swift */,
				A26A9AED2718AC020041E492 /* Base.swift */,
				A24746AF2717092700AF884A /* ViewController.swift */,
				A26A9AEB2718A4830041E492 /* AddressesViewController.swift */,
				A24746B12717092700AF884A /* Main.storyboard */,
				A24746B42717092800AF884A /* Assets.xcassets */,
				A24746B62717092800AF884A /* LaunchScreen.storyboard */,
				A24746B92717092800AF884A /* Info.plist */,
			);
			path = UserDefaultsExample;
			sourceTree = "<group>";
		};
/* End PBXGroup section */

/* Begin PBXNativeTarget section */
		A24746A72717092700AF884A /* UserDefaultsExample */ = {
			isa = PBXNativeTarget;
			buildConfigurationList = A24746BC2717092800AF884A /* Build configuration list for PBXNativeTarget "UserDefaultsExample" */;
			buildPhases = (
				A24746A42717092700AF884A /* Sources */,
				A24746A52717092700AF884A /* Frameworks */,
				A24746A62717092700AF884A /* Resources */,
			);
			buildRules = (
			);
			dependencies = (
			);
			name = UserDefaultsExample;
			productName = UserDefaultsExample;
			productReference = A24746A82717092700AF884A /* UserDefaultsExample.app */;
			productType = "com.apple.product-type.application";
		};
/* End PBXNativeTarget section */

/* Begin PBXProject section */
		A24746A02717092700AF884A /* Project object */ = {
			isa = PBXProject;
			attributes = {
				LastSwiftUpdateCheck = 1250;
				LastUpgradeCheck = 1250;
				TargetAttributes = {
					A24746A72717092700AF884A = {
						CreatedOnToolsVersion = 12.5;
					};
				};
			};
			buildConfigurationList = A24746A32717092700AF884A /* Build configuration list for PBXProject "UserDefaultsExample" */;
			compatibilityVersion = "Xcode 9.3";
			developmentRegion = en;
			hasScannedForEncodings = 0;
			knownRegions = (
				en,
				Base,
			);
			mainGroup = A247469F2717092700AF884A;
			productRefGroup = A24746A92717092700AF884A /* Products */;
			projectDirPath = "";
			projectRoot = "";
			targets = (
				A24746A72717092700AF884A /* UserDefaultsExample */,
			);
		};
/* End PBXProject section */

/* Begin PBXResourcesBuildPhase section */
		A24746A62717092700AF884A /* Resources */ = {
			isa = PBXResourcesBuildPhase;
			buildActionMask = 2147483647;
			files = (
				A24746B82717092800AF884A /* LaunchScreen.storyboard in Resources */,
				A24746B52717092800AF884A /* Assets.xcassets in Resources */,
				A24746B32717092700AF884A /* Main.storyboard in Resources */,
			);
			runOnlyForDeploymentPostprocessing = 0;
		};
/* End PBXResourcesBuildPhase section */

/* Begin PBXSourcesBuildPhase section */
		A24746A42717092700AF884A /* Sources */ = {
			isa = PBXSourcesBuildPhase;
			buildActionMask = 2147483647;
			files = (
				A24746B02717092700AF884A /* ViewController.swift in Sources */,
				A26A9AEC2718A4830041E492 /* AddressesViewController.swift in Sources */,
				A26A9AEE2718AC020041E492 /* Base.swift in Sources */,
				A24746AC2717092700AF884A /* AppDelegate.swift in Sources */,
				A24746AE2717092700AF884A /* SceneDelegate.swift in Sources */,
			);
			runOnlyForDeploymentPostprocessing = 0;
		};
/* End PBXSourcesBuildPhase section */

/* Begin PBXVariantGroup section */
		A24746B12717092700AF884A /* Main.storyboard */ = {
			isa = PBXVariantGroup;
			children = (
				A24746B22717092700AF884A /* Base */,
			);
			name = Main.storyboard;
			sourceTree = "<group>";
		};
		A24746B62717092800AF884A /* LaunchScreen.storyboard */ = {
			isa = PBXVariantGroup;
			children = (
				A24746B72717092800AF884A /* Base */,
			);
			name = LaunchScreen.storyboard;
			sourceTree = "<group>";
		};
/* End PBXVariantGroup section */

/* Begin XCBuildConfiguration section */
		A24746BA2717092800AF884A /* Debug */ = {
			isa = XCBuildConfiguration;
			buildSettings = {
				ALWAYS_SEARCH_USER_PATHS = NO;
				CLANG_ANALYZER_NONNULL = YES;
				CLANG_ANALYZER_NUMBER_OBJECT_CONVERSION = YES_AGGRESSIVE;
				CLANG_CXX_LANGUAGE_STANDARD = "gnu++14";
				CLANG_CXX_LIBRARY = "libc++";
				CLANG_ENABLE_MODULES = YES;
				CLANG_ENABLE_OBJC_ARC = YES;
				CLANG_ENABLE_OBJC_WEAK = YES;
				CLANG_WARN_BLOCK_CAPTURE_AUTORELEASING = YES;
				CLANG_WARN_BOOL_CONVERSION = YES;
				CLANG_WARN_COMMA = YES;
				CLANG_WARN_CONSTANT_CONVERSION = YES;
				CLANG_WARN_DEPRECATED_OBJC_IMPLEMENTATIONS = YES;
				CLANG_WARN_DIRECT_OBJC_ISA_USAGE = YES_ERROR;
				CLANG_WARN_DOCUMENTATION_COMMENTS = YES;
				CLANG_WARN_EMPTY_BODY = YES;
				CLANG_WARN_ENUM_CONVERSION = YES;
				CLANG_WARN_INFINITE_RECURSION = YES;
				CLANG_WARN_INT_CONVERSION = YES;
				CLANG_WARN_NON_LITERAL_NULL_CONVERSION = YES;
				CLANG_WARN_OBJC_IMPLICIT_RETAIN_SELF = YES;
				CLANG_WARN_OBJC_LITERAL_CONVERSION = YES;
				CLANG_WARN_OBJC_ROOT_CLASS = YES_ERROR;
				CLANG_WARN_QUOTED_INCLUDE_IN_FRAMEWORK_HEADER = YES;
				CLANG_WARN_RANGE_LOOP_ANALYSIS = YES;
				CLANG_WARN_STRICT_PROTOTYPES = YES;
				CLANG_WARN_SUSPICIOUS_MOVE = YES;
				CLANG_WARN_UNGUARDED_AVAILABILITY = YES_AGGRESSIVE;
				CLANG_WARN_UNREACHABLE_CODE = YES;
				CLANG_WARN__DUPLICATE_METHOD_MATCH = YES;
				COPY_PHASE_STRIP = NO;
				DEBUG_INFORMATION_FORMAT = dwarf;
				ENABLE_STRICT_OBJC_MSGSEND = YES;
				ENABLE_TESTABILITY = YES;
				GCC_C_LANGUAGE_STANDARD = gnu11;
				GCC_DYNAMIC_NO_PIC = NO;
				GCC_NO_COMMON_BLOCKS = YES;
				GCC_OPTIMIZATION_LEVEL = 0;
				GCC_PREPROCESSOR_DEFINITIONS = (
					"DEBUG=1",
					"$(inherited)",
				);
				GCC_WARN_64_TO_32_BIT_CONVERSION = YES;
				GCC_WARN_ABOUT_RETURN_TYPE = YES_ERROR;
				GCC_WARN_UNDECLARED_SELECTOR = YES;
				GCC_WARN_UNINITIALIZED_AUTOS = YES_AGGRESSIVE;
				GCC_WARN_UNUSED_FUNCTION = YES;
				GCC_WARN_UNUSED_VARIABLE = YES;
				IPHONEOS_DEPLOYMENT_TARGET = 14.5;
				MTL_ENABLE_DEBUG_INFO = INCLUDE_SOURCE;
				MTL_FAST_MATH = YES;
				ONLY_ACTIVE_ARCH = YES;
				SDKROOT = iphoneos;
				SWIFT_ACTIVE_COMPILATION_CONDITIONS = DEBUG;
				SWIFT_OPTIMIZATION_LEVEL = "-Onone";
			};
			name = Debug;
		};
		A24746BB2717092800AF884A /* Release */ = {
			isa = XCBuildConfiguration;
			buildSettings = {
				ALWAYS_SEARCH_USER_PATHS = NO;
				CLANG_ANALYZER_NONNULL = YES;
				CLANG_ANALYZER_NUMBER_OBJECT_CONVERSION = YES_AGGRESSIVE;
				CLANG_CXX_LANGUAGE_STANDARD = "gnu++14";
				CLANG_CXX_LIBRARY = "libc++";
				CLANG_ENABLE_MODULES = YES;
				CLANG_ENABLE_OBJC_ARC = YES;
				CLANG_ENABLE_OBJC_WEAK = YES;
				CLANG_WARN_BLOCK_CAPTURE_AUTORELEASING = YES;
				CLANG_WARN_BOOL_CONVERSION = YES;
				CLANG_WARN_COMMA = YES;
				CLANG_WARN_CONSTANT_CONVERSION = YES;
				CLANG_WARN_DEPRECATED_OBJC_IMPLEMENTATIONS = YES;
				CLANG_WARN_DIRECT_OBJC_ISA_USAGE = YES_ERROR;
				CLANG_WARN_DOCUMENTATION_COMMENTS = YES;
				CLANG_WARN_EMPTY_BODY = YES;
				CLANG_WARN_ENUM_CONVERSION = YES;
				CLANG_WARN_INFINITE_RECURSION = YES;
				CLANG_WARN_INT_CONVERSION = YES;
				CLANG_WARN_NON_LITERAL_NULL_CONVERSION = YES;
				CLANG_WARN_OBJC_IMPLICIT_RETAIN_SELF = YES;
				CLANG_WARN_OBJC_LITERAL_CONVERSION = YES;
				CLANG_WARN_OBJC_ROOT_CLASS = YES_ERROR;
				CLANG_WARN_QUOTED_INCLUDE_IN_FRAMEWORK_HEADER = YES;
				CLANG_WARN_RANGE_LOOP_ANALYSIS = YES;
				CLANG_WARN_STRICT_PROTOTYPES = YES;
				CLANG_WARN_SUSPICIOUS_MOVE = YES;
				CLANG_WARN_UNGUARDED_AVAILABILITY = YES_AGGRESSIVE;
				CLANG_WARN_UNREACHABLE_CODE = YES;
				CLANG_WARN__DUPLICATE_METHOD_MATCH = YES;
				COPY_PHASE_STRIP = NO;
				DEBUG_INFORMATION_FORMAT = "dwarf-with-dsym";
				ENABLE_NS_ASSERTIONS = NO;
				ENABLE_STRICT_OBJC_MSGSEND = YES;
				GCC_C_LANGUAGE_STANDARD = gnu11;
				GCC_NO_COMMON_BLOCKS = YES;
				GCC_WARN_64_TO_32_BIT_CONVERSION = YES;
				GCC_WARN_ABOUT_RETURN_TYPE = YES_ERROR;
				GCC_WARN_UNDECLARED_SELECTOR = YES;
				GCC_WARN_UNINITIALIZED_AUTOS = YES_AGGRESSIVE;
				GCC_WARN_UNUSED_FUNCTION = YES;
				GCC_WARN_UNUSED_VARIABLE = YES;
				IPHONEOS_DEPLOYMENT_TARGET = 14.5;
				MTL_ENABLE_DEBUG_INFO = NO;
				MTL_FAST_MATH = YES;
				SDKROOT = iphoneos;
				SWIFT_COMPILATION_MODE = wholemodule;
				SWIFT_OPTIMIZATION_LEVEL = "-O";
				VALIDATE_PRODUCT = YES;
			};
			name = Release;
		};
		A24746BD2717092800AF884A /* Debug */ = {
			isa = XCBuildConfiguration;
			buildSettings = {
				ASSETCATALOG_COMPILER_APPICON_NAME = AppIcon;
				ASSETCATALOG_COMPILER_GLOBAL_ACCENT_COLOR_NAME = AccentColor;
				CODE_SIGN_STYLE = Automatic;
				DEVELOPMENT_TEAM = U3JHK4U826;
				INFOPLIST_FILE = UserDefaultsExample/Info.plist;
				LD_RUNPATH_SEARCH_PATHS = (
					"$(inherited)",
					"@executable_path/Frameworks",
				);
				PRODUCT_BUNDLE_IDENTIFIER = YeoCompany.UserDefaultsExample;
				PRODUCT_NAME = "$(TARGET_NAME)";
				SWIFT_VERSION = 5.0;
				TARGETED_DEVICE_FAMILY = "1,2";
			};
			name = Debug;
		};
		A24746BE2717092800AF884A /* Release */ = {
			isa = XCBuildConfiguration;
			buildSettings = {
				ASSETCATALOG_COMPILER_APPICON_NAME = AppIcon;
				ASSETCATALOG_COMPILER_GLOBAL_ACCENT_COLOR_NAME = AccentColor;
				CODE_SIGN_STYLE = Automatic;
				DEVELOPMENT_TEAM = U3JHK4U826;
				INFOPLIST_FILE = UserDefaultsExample/Info.plist;
				LD_RUNPATH_SEARCH_PATHS = (
					"$(inherited)",
					"@executable_path/Frameworks",
				);
				PRODUCT_BUNDLE_IDENTIFIER = YeoCompany.UserDefaultsExample;
				PRODUCT_NAME = "$(TARGET_NAME)";
				SWIFT_VERSION = 5.0;
				TARGETED_DEVICE_FAMILY = "1,2";
			};
			name = Release;
		};
/* End XCBuildConfiguration section */

/* Begin XCConfigurationList section */
		A24746A32717092700AF884A /* Build configuration list for PBXProject "UserDefaultsExample" */ = {
			isa = XCConfigurationList;
			buildConfigurations = (
				A24746BA2717092800AF884A /* Debug */,
				A24746BB2717092800AF884A /* Release */,
			);
			defaultConfigurationIsVisible = 0;
			defaultConfigurationName = Release;
		};
		A24746BC2717092800AF884A /* Build configuration list for PBXNativeTarget "UserDefaultsExample" */ = {
			isa = XCConfigurationList;
			buildConfigurations = (
				A24746BD2717092800AF884A /* Debug */,
				A24746BE2717092800AF884A /* Release */,
			);
			defaultConfigurationIsVisible = 0;
			defaultConfigurationName = Release;
		};
/* End XCConfigurationList section */
	};
	rootObject = A24746A02717092700AF884A /* Project object */;
}
